
Microsoft Visual Studio Solution File, Format Version 11.00
# Visual C# Express 2010
Project("{FAE04EC0-301F-11D3-BF4B-00C04F79EFBC}") = "Pg129Problem2", "MoreChapterProblems\Pg129Problem2.csproj", "{BB671C59-2F79-4B1C-A150-3B94B3908E63}"
EndProject
Project("{FAE04EC0-301F-11D3-BF4B-00C04F79EFBC}") = "Pg195Problem2", "ConsoleApplication1\Pg195Problem2.csproj", "{4FBF7612-70C8-474B-8A39-A138E10D79E6}"
EndProject
Project("{FAE04EC0-301F-11D3-BF4B-00C04F79EFBC}") = "Pg195Problem4", "Pg195Problem4\Pg195Problem4.csproj", "{A28A11F1-30DF-44CA-9A68-B0449BA7F923}"
EndProject
Project("{FAE04EC0-301F-11D3-BF4B-00C04F79EFBC}") = "Pg244Problem3", "Pg244Problem3\Pg244Problem3.csproj", "{58CA3009-D907-4B4B-BBF1-274C73AB64F2}"
EndProject
Project("{FAE04EC0-301F-11D3-BF4B-00C04F79EFBC}") = "Pg195Problem7", "Pg195Problem7\Pg195Problem7.csproj", "{6D4982A0-4CAD-41B6-BF3D-108E444A1D7A}"
EndProject
Project("{FAE04EC0-301F-11D3-BF4B-00C04F79EFBC}") = "Pg244Problem4", "Pg244Problem4\Pg244Problem4.csproj", "{A10EE485-5ECB-4EA1-ADB9-DFF6C43022DE}"
EndProject
Project("{FAE04EC0-301F-11D3-BF4B-00C04F79EFBC}") = "Pg244Problem7", "Pg244Problem7\Pg244Problem7.csproj", "{DB5344A2-B8A6-47B4-BCF6-7CEEB9CE2AC6}"
EndProject
Global
	GlobalSection(SolutionConfigurationPlatforms) = preSolution
		Debug|x86 = Debug|x86
		Release|x86 = Release|x86
	EndGlobalSection
	GlobalSection(ProjectConfigurationPlatforms) = postSolution
		{BB671C59-2F79-4B1C-A150-3B94B3908E63}.Debug|x86.ActiveCfg = Debug|x86
		{BB671C59-2F79-4B1C-A150-3B94B3908E63}.Debug|x86.Build.0 = Debug|x86
		{BB671C59-2F79-4B1C-A150-3B94B3908E63}.Release|x86.ActiveCfg = Release|x86
		{BB671C59-2F79-4B1C-A150-3B94B3908E63}.Release|x86.Build.0 = Release|x86
		{4FBF7612-70C8-474B-8A39-A138E10D79E6}.Debug|x86.ActiveCfg = Debug|x86
		{4FBF7612-70C8-474B-8A39-A138E10D79E6}.Debug|x86.Build.0 = Debug|x86
		{4FBF7612-70C8-474B-8A39-A138E10D79E6}.Release|x86.ActiveCfg = Release|x86
		{4FBF7612-70C8-474B-8A39-A138E10D79E6}.Release|x86.Build.0 = Release|x86
		{A28A11F1-30DF-44CA-9A68-B0449BA7F923}.Debug|x86.ActiveCfg = Debug|x86
		{A28A11F1-30DF-44CA-9A68-B0449BA7F923}.Debug|x86.Build.0 = Debug|x86
		{A28A11F1-30DF-44CA-9A68-B0449BA7F923}.Release|x86.ActiveCfg = Release|x86
		{A28A11F1-30DF-44CA-9A68-B0449BA7F923}.Release|x86.Build.0 = Release|x86
		{58CA3009-D907-4B4B-BBF1-274C73AB64F2}.Debug|x86.ActiveCfg = Debug|x86
		{58CA3009-D907-4B4B-BBF1-274C73AB64F2}.Debug|x86.Build.0 = Debug|x86
		{58CA3009-D907-4B4B-BBF1-274C73AB64F2}.Release|x86.ActiveCfg = Release|x86
		{58CA3009-D907-4B4B-BBF1-274C73AB64F2}.Release|x86.Build.0 = Release|x86
		{6D4982A0-4CAD-41B6-BF3D-108E444A1D7A}.Debug|x86.ActiveCfg = Debug|x86
		{6D4982A0-4CAD-41B6-BF3D-108E444A1D7A}.Debug|x86.Build.0 = Debug|x86
		{6D4982A0-4CAD-41B6-BF3D-108E444A1D7A}.Release|x86.ActiveCfg = Release|x86
		{6D4982A0-4CAD-41B6-BF3D-108E444A1D7A}.Release|x86.Build.0 = Release|x86
		{A10EE485-5ECB-4EA1-ADB9-DFF6C43022DE}.Debug|x86.ActiveCfg = Debug|x86
		{A10EE485-5ECB-4EA1-ADB9-DFF6C43022DE}.Debug|x86.Build.0 = Debug|x86
		{A10EE485-5ECB-4EA1-ADB9-DFF6C43022DE}.Release|x86.ActiveCfg = Release|x86
		{A10EE485-5ECB-4EA1-ADB9-DFF6C43022DE}.Release|x86.Build.0 = Release|x86
		{DB5344A2-B8A6-47B4-BCF6-7CEEB9CE2AC6}.Debug|x86.ActiveCfg = Debug|x86
		{DB5344A2-B8A6-47B4-BCF6-7CEEB9CE2AC6}.Debug|x86.Build.0 = Debug|x86
		{DB5344A2-B8A6-47B4-BCF6-7CEEB9CE2AC6}.Release|x86.ActiveCfg = Release|x86
		{DB5344A2-B8A6-47B4-BCF6-7CEEB9CE2AC6}.Release|x86.Build.0 = Release|x86
	EndGlobalSection
	GlobalSection(SolutionProperties) = preSolution
		HideSolutionNode = FALSE
	EndGlobalSection
EndGlobal
